// !$*UTF8*$!
{
	archiveVersion = 1;
	classes = {
	};
	objectVersion = 46;
	objects = {

/* Begin PBXBuildFile section */
		8200C7CF1A921B2A0018DAFC /* BCOThrowsChecking.m in Sources */ = {isa = PBXBuildFile; fileRef = 8200C7CE1A921B2A0018DAFC /* BCOThrowsChecking.m */; };
		8200C7D91A921B830018DAFC /* BCOObjectStoreLib.h in Headers */ = {isa = PBXBuildFile; fileRef = 8200C7D81A921B830018DAFC /* BCOObjectStoreLib.h */; };
		8200C7DB1A921B830018DAFC /* BCOObjectStoreLib.m in Sources */ = {isa = PBXBuildFile; fileRef = 8200C7DA1A921B830018DAFC /* BCOObjectStoreLib.m */; };
		8200C7ED1A921B900018DAFC /* BCOIndex.m in Sources */ = {isa = PBXBuildFile; fileRef = 82AA6A741A84DA51000D70CD /* BCOIndex.m */; };
		8200C7EE1A921B900018DAFC /* BCOIndexDescription.m in Sources */ = {isa = PBXBuildFile; fileRef = 82AA6A761A84DA51000D70CD /* BCOIndexDescription.m */; };
		8200C7EF1A921B900018DAFC /* BCOIndexEntry.m in Sources */ = {isa = PBXBuildFile; fileRef = 82AA6A781A84DA51000D70CD /* BCOIndexEntry.m */; };
		8200C7F01A921B900018DAFC /* BCOObjectStorageContainer.m in Sources */ = {isa = PBXBuildFile; fileRef = 82AA6A7B1A84DA51000D70CD /* BCOObjectStorageContainer.m */; };
		8200C7F11A921B900018DAFC /* BCOObjectStorageEnumerator.m in Sources */ = {isa = PBXBuildFile; fileRef = 8200C7CB1A9217ED0018DAFC /* BCOObjectStorageEnumerator.m */; };
		8200C7F21A921B900018DAFC /* BCOObjectStorageContainerBuilder.m in Sources */ = {isa = PBXBuildFile; fileRef = 8200C7C71A92167F0018DAFC /* BCOObjectStorageContainerBuilder.m */; };
		8200C7F31A921B900018DAFC /* BCOObjectStore.m in Sources */ = {isa = PBXBuildFile; fileRef = 82AA6A7D1A84DA51000D70CD /* BCOObjectStore.m */; };
		8200C7F41A921B900018DAFC /* BCOObjectStoreConfiguration.m in Sources */ = {isa = PBXBuildFile; fileRef = 82AA6A801A84DA51000D70CD /* BCOObjectStoreConfiguration.m */; };
		8200C7F51A921B900018DAFC /* BCOObjectStoreSnapshot.m in Sources */ = {isa = PBXBuildFile; fileRef = 82AA6A821A84DA51000D70CD /* BCOObjectStoreSnapshot.m */; };
		8200C7F61A921B900018DAFC /* BCOObjectStoreSnapshotChangeMonitor.m in Sources */ = {isa = PBXBuildFile; fileRef = 82AA6A841A84DA51000D70CD /* BCOObjectStoreSnapshotChangeMonitor.m */; };
		8200C7F71A921B900018DAFC /* BCOQuery.m in Sources */ = {isa = PBXBuildFile; fileRef = 82AA6A871A84DA51000D70CD /* BCOQuery.m */; };
		8200C7F81A921B900018DAFC /* BCOQueryCatalog.m in Sources */ = {isa = PBXBuildFile; fileRef = 82AA6A891A84DA51000D70CD /* BCOQueryCatalog.m */; };
		8200C7F91A921B900018DAFC /* BCOQueryCatalogEntry.m in Sources */ = {isa = PBXBuildFile; fileRef = 82AA6A8B1A84DA51000D70CD /* BCOQueryCatalogEntry.m */; };
		8200C7FA1A921B900018DAFC /* BCOQueryResultGroup.m in Sources */ = {isa = PBXBuildFile; fileRef = 82AA6A8D1A84DA51000D70CD /* BCOQueryResultGroup.m */; };
		8200C7FB1A921B900018DAFC /* BCOSelectFunction.m in Sources */ = {isa = PBXBuildFile; fileRef = 82AA6A901A84DA51000D70CD /* BCOSelectFunction.m */; };
		8200C7FC1A921B900018DAFC /* BCOObjectReference.m in Sources */ = {isa = PBXBuildFile; fileRef = 82AA6A921A84DA51000D70CD /* BCOObjectReference.m */; };
		8200C7FD1A921B900018DAFC /* BCOObjectReferencesToQueryCatalogEntriesLookUpTable.m in Sources */ = {isa = PBXBuildFile; fileRef = 82AA6A941A84DA51000D70CD /* BCOObjectReferencesToQueryCatalogEntriesLookUpTable.m */; };
		8200C7FE1A921BA00018DAFC /* libBCOObjectStoreLib.a in Frameworks */ = {isa = PBXBuildFile; fileRef = 8200C7D61A921B820018DAFC /* libBCOObjectStoreLib.a */; };
		8200C7FF1A921BA60018DAFC /* libBCOObjectStoreLib.a in Frameworks */ = {isa = PBXBuildFile; fileRef = 8200C7D61A921B820018DAFC /* libBCOObjectStoreLib.a */; };
		82AA6AAD1A84DC81000D70CD /* BCOObjectStoreTests.swift in Sources */ = {isa = PBXBuildFile; fileRef = 82AA6AAC1A84DC81000D70CD /* BCOObjectStoreTests.swift */; };
		82AA6AB21A84DCA5000D70CD /* BCOIndexEntryTests.swift in Sources */ = {isa = PBXBuildFile; fileRef = 82AA6AB11A84DCA5000D70CD /* BCOIndexEntryTests.swift */; };
		82AA6AC41A84E31B000D70CD /* BCOObjectStoreConfigurationTests.swift in Sources */ = {isa = PBXBuildFile; fileRef = 82AA6AC31A84E31B000D70CD /* BCOObjectStoreConfigurationTests.swift */; };
		82AA6AC61A84E5EA000D70CD /* BCOStorageRecordsToQueryCatalogEntriesLookUpTableTests.swift in Sources */ = {isa = PBXBuildFile; fileRef = 82AA6AC51A84E5EA000D70CD /* BCOStorageRecordsToQueryCatalogEntriesLookUpTableTests.swift */; };
		82AA6ACD1A84F2CF000D70CD /* BCOThrowsChecking.swift in Sources */ = {isa = PBXBuildFile; fileRef = 82AA6ACC1A84F2CF000D70CD /* BCOThrowsChecking.swift */; };
		82AA6AD01A850772000D70CD /* BCOIndexTests.swift in Sources */ = {isa = PBXBuildFile; fileRef = 82AA6ACF1A850772000D70CD /* BCOIndexTests.swift */; };
		82AF59921A6D70370056EDB2 /* LUMLine.m in Sources */ = {isa = PBXBuildFile; fileRef = 82AF59891A6D70370056EDB2 /* LUMLine.m */; };
		82AF59931A6D70370056EDB2 /* LUMStation.m in Sources */ = {isa = PBXBuildFile; fileRef = 82AF598B1A6D70370056EDB2 /* LUMStation.m */; };
		82AF59941A6D70370056EDB2 /* main.m in Sources */ = {isa = PBXBuildFile; fileRef = 82AF598C1A6D70370056EDB2 /* main.m */; };
/* End PBXBuildFile section */

/* Begin PBXCopyFilesBuildPhase section */
		822B9EFD19E92B76009A4030 /* CopyFiles */ = {
			isa = PBXCopyFilesBuildPhase;
			buildActionMask = 2147483647;
			dstPath = /usr/share/man/man1/;
			dstSubfolderSpec = 0;
			files = (
			);
			runOnlyForDeploymentPostprocessing = 1;
		};
/* End PBXCopyFilesBuildPhase section */

/* Begin PBXFileReference section */
		8200C7C61A92167F0018DAFC /* BCOObjectStorageContainerBuilder.h */ = {isa = PBXFileReference; fileEncoding = 4; lastKnownFileType = sourcecode.c.h; path = BCOObjectStorageContainerBuilder.h; sourceTree = "<group>"; };
		8200C7C71A92167F0018DAFC /* BCOObjectStorageContainerBuilder.m */ = {isa = PBXFileReference; fileEncoding = 4; lastKnownFileType = sourcecode.c.objc; path = BCOObjectStorageContainerBuilder.m; sourceTree = "<group>"; };
		8200C7C91A9217080018DAFC /* BCOObjectStorageContainer+Protected.h */ = {isa = PBXFileReference; fileEncoding = 4; lastKnownFileType = sourcecode.c.h; path = "BCOObjectStorageContainer+Protected.h"; sourceTree = "<group>"; };
		8200C7CA1A9217ED0018DAFC /* BCOObjectStorageEnumerator.h */ = {isa = PBXFileReference; fileEncoding = 4; lastKnownFileType = sourcecode.c.h; path = BCOObjectStorageEnumerator.h; sourceTree = "<group>"; };
		8200C7CB1A9217ED0018DAFC /* BCOObjectStorageEnumerator.m */ = {isa = PBXFileReference; fileEncoding = 4; lastKnownFileType = sourcecode.c.objc; path = BCOObjectStorageEnumerator.m; sourceTree = "<group>"; };
		8200C7CD1A9218750018DAFC /* BCOObjectStorageEnumeratorProtocol.h */ = {isa = PBXFileReference; lastKnownFileType = sourcecode.c.h; path = BCOObjectStorageEnumeratorProtocol.h; sourceTree = "<group>"; };
		8200C7CE1A921B2A0018DAFC /* BCOThrowsChecking.m */ = {isa = PBXFileReference; fileEncoding = 4; lastKnownFileType = sourcecode.c.objc; path = BCOThrowsChecking.m; sourceTree = "<group>"; };
		8200C7D61A921B820018DAFC /* libBCOObjectStoreLib.a */ = {isa = PBXFileReference; explicitFileType = archive.ar; includeInIndex = 0; path = libBCOObjectStoreLib.a; sourceTree = BUILT_PRODUCTS_DIR; };
		8200C7D81A921B830018DAFC /* BCOObjectStoreLib.h */ = {isa = PBXFileReference; lastKnownFileType = sourcecode.c.h; path = BCOObjectStoreLib.h; sourceTree = "<group>"; };
		8200C7DA1A921B830018DAFC /* BCOObjectStoreLib.m */ = {isa = PBXFileReference; lastKnownFileType = sourcecode.c.objc; path = BCOObjectStoreLib.m; sourceTree = "<group>"; };
		822B9EFF19E92B76009A4030 /* BCOObjectStore */ = {isa = PBXFileReference; explicitFileType = "compiled.mach-o.executable"; includeInIndex = 0; path = BCOObjectStore; sourceTree = BUILT_PRODUCTS_DIR; };
		82AA6A731A84DA51000D70CD /* BCOIndex.h */ = {isa = PBXFileReference; fileEncoding = 4; lastKnownFileType = sourcecode.c.h; path = BCOIndex.h; sourceTree = "<group>"; };
		82AA6A741A84DA51000D70CD /* BCOIndex.m */ = {isa = PBXFileReference; fileEncoding = 4; lastKnownFileType = sourcecode.c.objc; path = BCOIndex.m; sourceTree = "<group>"; };
		82AA6A751A84DA51000D70CD /* BCOIndexDescription.h */ = {isa = PBXFileReference; fileEncoding = 4; lastKnownFileType = sourcecode.c.h; path = BCOIndexDescription.h; sourceTree = "<group>"; };
		82AA6A761A84DA51000D70CD /* BCOIndexDescription.m */ = {isa = PBXFileReference; fileEncoding = 4; lastKnownFileType = sourcecode.c.objc; path = BCOIndexDescription.m; sourceTree = "<group>"; };
		82AA6A771A84DA51000D70CD /* BCOIndexEntry.h */ = {isa = PBXFileReference; fileEncoding = 4; lastKnownFileType = sourcecode.c.h; path = BCOIndexEntry.h; sourceTree = "<group>"; };
		82AA6A781A84DA51000D70CD /* BCOIndexEntry.m */ = {isa = PBXFileReference; fileEncoding = 4; lastKnownFileType = sourcecode.c.objc; path = BCOIndexEntry.m; sourceTree = "<group>"; };
		82AA6A791A84DA51000D70CD /* BCOIndexValue.h */ = {isa = PBXFileReference; fileEncoding = 4; lastKnownFileType = sourcecode.c.h; path = BCOIndexValue.h; sourceTree = "<group>"; };
		82AA6A7A1A84DA51000D70CD /* BCOObjectStorageContainer.h */ = {isa = PBXFileReference; fileEncoding = 4; lastKnownFileType = sourcecode.c.h; path = BCOObjectStorageContainer.h; sourceTree = "<group>"; };
		82AA6A7B1A84DA51000D70CD /* BCOObjectStorageContainer.m */ = {isa = PBXFileReference; fileEncoding = 4; lastKnownFileType = sourcecode.c.objc; path = BCOObjectStorageContainer.m; sourceTree = "<group>"; };
		82AA6A7C1A84DA51000D70CD /* BCOObjectStore.h */ = {isa = PBXFileReference; fileEncoding = 4; lastKnownFileType = sourcecode.c.h; path = BCOObjectStore.h; sourceTree = "<group>"; };
		82AA6A7D1A84DA51000D70CD /* BCOObjectStore.m */ = {isa = PBXFileReference; fileEncoding = 4; lastKnownFileType = sourcecode.c.objc; path = BCOObjectStore.m; sourceTree = "<group>"; };
		82AA6A7E1A84DA51000D70CD /* BCOObjectStore+Protected.h */ = {isa = PBXFileReference; fileEncoding = 4; lastKnownFileType = sourcecode.c.h; path = "BCOObjectStore+Protected.h"; sourceTree = "<group>"; };
		82AA6A7F1A84DA51000D70CD /* BCOObjectStoreConfiguration.h */ = {isa = PBXFileReference; fileEncoding = 4; lastKnownFileType = sourcecode.c.h; path = BCOObjectStoreConfiguration.h; sourceTree = "<group>"; };
		82AA6A801A84DA51000D70CD /* BCOObjectStoreConfiguration.m */ = {isa = PBXFileReference; fileEncoding = 4; lastKnownFileType = sourcecode.c.objc; path = BCOObjectStoreConfiguration.m; sourceTree = "<group>"; };
		82AA6A811A84DA51000D70CD /* BCOObjectStoreSnapshot.h */ = {isa = PBXFileReference; fileEncoding = 4; lastKnownFileType = sourcecode.c.h; path = BCOObjectStoreSnapshot.h; sourceTree = "<group>"; };
		82AA6A821A84DA51000D70CD /* BCOObjectStoreSnapshot.m */ = {isa = PBXFileReference; fileEncoding = 4; lastKnownFileType = sourcecode.c.objc; path = BCOObjectStoreSnapshot.m; sourceTree = "<group>"; };
		82AA6A831A84DA51000D70CD /* BCOObjectStoreSnapshotChangeMonitor.h */ = {isa = PBXFileReference; fileEncoding = 4; lastKnownFileType = sourcecode.c.h; path = BCOObjectStoreSnapshotChangeMonitor.h; sourceTree = "<group>"; };
		82AA6A841A84DA51000D70CD /* BCOObjectStoreSnapshotChangeMonitor.m */ = {isa = PBXFileReference; fileEncoding = 4; lastKnownFileType = sourcecode.c.objc; path = BCOObjectStoreSnapshotChangeMonitor.m; sourceTree = "<group>"; };
		82AA6A851A84DA51000D70CD /* BCOObjectStoreSnapshotProtocol.h */ = {isa = PBXFileReference; fileEncoding = 4; lastKnownFileType = sourcecode.c.h; path = BCOObjectStoreSnapshotProtocol.h; sourceTree = "<group>"; };
		82AA6A861A84DA51000D70CD /* BCOQuery.h */ = {isa = PBXFileReference; fileEncoding = 4; lastKnownFileType = sourcecode.c.h; path = BCOQuery.h; sourceTree = "<group>"; };
		82AA6A871A84DA51000D70CD /* BCOQuery.m */ = {isa = PBXFileReference; fileEncoding = 4; lastKnownFileType = sourcecode.c.objc; path = BCOQuery.m; sourceTree = "<group>"; };
		82AA6A881A84DA51000D70CD /* BCOQueryCatalog.h */ = {isa = PBXFileReference; fileEncoding = 4; lastKnownFileType = sourcecode.c.h; path = BCOQueryCatalog.h; sourceTree = "<group>"; };
		82AA6A891A84DA51000D70CD /* BCOQueryCatalog.m */ = {isa = PBXFileReference; fileEncoding = 4; lastKnownFileType = sourcecode.c.objc; path = BCOQueryCatalog.m; sourceTree = "<group>"; };
		82AA6A8A1A84DA51000D70CD /* BCOQueryCatalogEntry.h */ = {isa = PBXFileReference; fileEncoding = 4; lastKnownFileType = sourcecode.c.h; path = BCOQueryCatalogEntry.h; sourceTree = "<group>"; };
		82AA6A8B1A84DA51000D70CD /* BCOQueryCatalogEntry.m */ = {isa = PBXFileReference; fileEncoding = 4; lastKnownFileType = sourcecode.c.objc; path = BCOQueryCatalogEntry.m; sourceTree = "<group>"; };
		82AA6A8C1A84DA51000D70CD /* BCOQueryResultGroup.h */ = {isa = PBXFileReference; fileEncoding = 4; lastKnownFileType = sourcecode.c.h; path = BCOQueryResultGroup.h; sourceTree = "<group>"; };
		82AA6A8D1A84DA51000D70CD /* BCOQueryResultGroup.m */ = {isa = PBXFileReference; fileEncoding = 4; lastKnownFileType = sourcecode.c.objc; path = BCOQueryResultGroup.m; sourceTree = "<group>"; };
		82AA6A8E1A84DA51000D70CD /* BCOQueryResultGroupProtocol.h */ = {isa = PBXFileReference; fileEncoding = 4; lastKnownFileType = sourcecode.c.h; path = BCOQueryResultGroupProtocol.h; sourceTree = "<group>"; };
		82AA6A8F1A84DA51000D70CD /* BCOSelectFunction.h */ = {isa = PBXFileReference; fileEncoding = 4; lastKnownFileType = sourcecode.c.h; path = BCOSelectFunction.h; sourceTree = "<group>"; };
		82AA6A901A84DA51000D70CD /* BCOSelectFunction.m */ = {isa = PBXFileReference; fileEncoding = 4; lastKnownFileType = sourcecode.c.objc; path = BCOSelectFunction.m; sourceTree = "<group>"; };
		82AA6A911A84DA51000D70CD /* BCOObjectReference.h */ = {isa = PBXFileReference; fileEncoding = 4; lastKnownFileType = sourcecode.c.h; path = BCOObjectReference.h; sourceTree = "<group>"; };
		82AA6A921A84DA51000D70CD /* BCOObjectReference.m */ = {isa = PBXFileReference; fileEncoding = 4; lastKnownFileType = sourcecode.c.objc; path = BCOObjectReference.m; sourceTree = "<group>"; };
		82AA6A931A84DA51000D70CD /* BCOObjectReferencesToQueryCatalogEntriesLookUpTable.h */ = {isa = PBXFileReference; fileEncoding = 4; lastKnownFileType = sourcecode.c.h; path = BCOObjectReferencesToQueryCatalogEntriesLookUpTable.h; sourceTree = "<group>"; };
		82AA6A941A84DA51000D70CD /* BCOObjectReferencesToQueryCatalogEntriesLookUpTable.m */ = {isa = PBXFileReference; fileEncoding = 4; lastKnownFileType = sourcecode.c.objc; path = BCOObjectReferencesToQueryCatalogEntriesLookUpTable.m; sourceTree = "<group>"; };
		82AA6AA81A84DC81000D70CD /* BCOObjectStoreTests.xctest */ = {isa = PBXFileReference; explicitFileType = wrapper.cfbundle; includeInIndex = 0; path = BCOObjectStoreTests.xctest; sourceTree = BUILT_PRODUCTS_DIR; };
		82AA6AAB1A84DC81000D70CD /* Info.plist */ = {isa = PBXFileReference; lastKnownFileType = text.plist.xml; path = Info.plist; sourceTree = "<group>"; };
		82AA6AAC1A84DC81000D70CD /* BCOObjectStoreTests.swift */ = {isa = PBXFileReference; lastKnownFileType = sourcecode.swift; path = BCOObjectStoreTests.swift; sourceTree = "<group>"; };
		82AA6AB11A84DCA5000D70CD /* BCOIndexEntryTests.swift */ = {isa = PBXFileReference; fileEncoding = 4; lastKnownFileType = sourcecode.swift; path = BCOIndexEntryTests.swift; sourceTree = "<group>"; };
		82AA6AB31A84DDF7000D70CD /* BCOObjectStoreTests-Bridging-Header.h */ = {isa = PBXFileReference; lastKnownFileType = sourcecode.c.h; path = "BCOObjectStoreTests-Bridging-Header.h"; sourceTree = "<group>"; };
		82AA6AC31A84E31B000D70CD /* BCOObjectStoreConfigurationTests.swift */ = {isa = PBXFileReference; fileEncoding = 4; lastKnownFileType = sourcecode.swift; path = BCOObjectStoreConfigurationTests.swift; sourceTree = "<group>"; };
		82AA6AC51A84E5EA000D70CD /* BCOStorageRecordsToQueryCatalogEntriesLookUpTableTests.swift */ = {isa = PBXFileReference; fileEncoding = 4; lastKnownFileType = sourcecode.swift; path = BCOStorageRecordsToQueryCatalogEntriesLookUpTableTests.swift; sourceTree = "<group>"; };
		82AA6AC71A84EBB9000D70CD /* BCOThrowsChecking.h */ = {isa = PBXFileReference; fileEncoding = 4; lastKnownFileType = sourcecode.c.h; path = BCOThrowsChecking.h; sourceTree = "<group>"; };
		82AA6ACC1A84F2CF000D70CD /* BCOThrowsChecking.swift */ = {isa = PBXFileReference; fileEncoding = 4; lastKnownFileType = sourcecode.swift; path = BCOThrowsChecking.swift; sourceTree = "<group>"; };
		82AA6ACF1A850772000D70CD /* BCOIndexTests.swift */ = {isa = PBXFileReference; fileEncoding = 4; lastKnownFileType = sourcecode.swift; path = BCOIndexTests.swift; sourceTree = "<group>"; };
		82AF59881A6D70370056EDB2 /* LUMLine.h */ = {isa = PBXFileReference; fileEncoding = 4; lastKnownFileType = sourcecode.c.h; path = LUMLine.h; sourceTree = "<group>"; };
		82AF59891A6D70370056EDB2 /* LUMLine.m */ = {isa = PBXFileReference; fileEncoding = 4; lastKnownFileType = sourcecode.c.objc; path = LUMLine.m; sourceTree = "<group>"; };
		82AF598A1A6D70370056EDB2 /* LUMStation.h */ = {isa = PBXFileReference; fileEncoding = 4; lastKnownFileType = sourcecode.c.h; path = LUMStation.h; sourceTree = "<group>"; };
		82AF598B1A6D70370056EDB2 /* LUMStation.m */ = {isa = PBXFileReference; fileEncoding = 4; lastKnownFileType = sourcecode.c.objc; path = LUMStation.m; sourceTree = "<group>"; };
		82AF598C1A6D70370056EDB2 /* main.m */ = {isa = PBXFileReference; fileEncoding = 4; lastKnownFileType = sourcecode.c.objc; path = main.m; sourceTree = "<group>"; };
/* End PBXFileReference section */

/* Begin PBXFrameworksBuildPhase section */
		8200C7D31A921B820018DAFC /* Frameworks */ = {
			isa = PBXFrameworksBuildPhase;
			buildActionMask = 2147483647;
			files = (
			);
			runOnlyForDeploymentPostprocessing = 0;
		};
		822B9EFC19E92B76009A4030 /* Frameworks */ = {
			isa = PBXFrameworksBuildPhase;
			buildActionMask = 2147483647;
			files = (
				8200C7FE1A921BA00018DAFC /* libBCOObjectStoreLib.a in Frameworks */,
			);
			runOnlyForDeploymentPostprocessing = 0;
		};
		82AA6AA51A84DC81000D70CD /* Frameworks */ = {
			isa = PBXFrameworksBuildPhase;
			buildActionMask = 2147483647;
			files = (
				8200C7FF1A921BA60018DAFC /* libBCOObjectStoreLib.a in Frameworks */,
			);
			runOnlyForDeploymentPostprocessing = 0;
		};
/* End PBXFrameworksBuildPhase section */

/* Begin PBXGroup section */
		8200C7D71A921B830018DAFC /* BCOObjectStoreLib */ = {
			isa = PBXGroup;
			children = (
				8200C7D81A921B830018DAFC /* BCOObjectStoreLib.h */,
				8200C7DA1A921B830018DAFC /* BCOObjectStoreLib.m */,
			);
			path = BCOObjectStoreLib;
			sourceTree = "<group>";
		};
		822B9EF619E92B76009A4030 = {
			isa = PBXGroup;
			children = (
				82AF597B1A6D70370056EDB2 /* BCOObjectStore */,
				82AF59871A6D70370056EDB2 /* Demo App */,
				82AA6AA91A84DC81000D70CD /* BCOObjectStoreTests */,
				8200C7D71A921B830018DAFC /* BCOObjectStoreLib */,
				822B9F0019E92B76009A4030 /* Products */,
			);
			sourceTree = "<group>";
		};
		822B9F0019E92B76009A4030 /* Products */ = {
			isa = PBXGroup;
			children = (
				822B9EFF19E92B76009A4030 /* BCOObjectStore */,
				82AA6AA81A84DC81000D70CD /* BCOObjectStoreTests.xctest */,
				8200C7D61A921B820018DAFC /* libBCOObjectStoreLib.a */,
			);
			name = Products;
			sourceTree = "<group>";
		};
		82AA6AA91A84DC81000D70CD /* BCOObjectStoreTests */ = {
			isa = PBXGroup;
			children = (
				82AA6ACE1A84F32F000D70CD /* BCOThrowsChecking */,
				82AA6AB31A84DDF7000D70CD /* BCOObjectStoreTests-Bridging-Header.h */,
				82AA6AAC1A84DC81000D70CD /* BCOObjectStoreTests.swift */,
				82AA6AB11A84DCA5000D70CD /* BCOIndexEntryTests.swift */,
				82AA6AC31A84E31B000D70CD /* BCOObjectStoreConfigurationTests.swift */,
				82AA6AC51A84E5EA000D70CD /* BCOStorageRecordsToQueryCatalogEntriesLookUpTableTests.swift */,
				82AA6ACF1A850772000D70CD /* BCOIndexTests.swift */,
				82AA6AAA1A84DC81000D70CD /* Supporting Files */,
			);
			path = BCOObjectStoreTests;
			sourceTree = "<group>";
		};
		82AA6AAA1A84DC81000D70CD /* Supporting Files */ = {
			isa = PBXGroup;
			children = (
				82AA6AAB1A84DC81000D70CD /* Info.plist */,
			);
			name = "Supporting Files";
			sourceTree = "<group>";
		};
		82AA6ACE1A84F32F000D70CD /* BCOThrowsChecking */ = {
			isa = PBXGroup;
			children = (
				82AA6AC71A84EBB9000D70CD /* BCOThrowsChecking.h */,
				8200C7CE1A921B2A0018DAFC /* BCOThrowsChecking.m */,
				82AA6ACC1A84F2CF000D70CD /* BCOThrowsChecking.swift */,
			);
			name = BCOThrowsChecking;
			sourceTree = "<group>";
		};
		82AF597B1A6D70370056EDB2 /* BCOObjectStore */ = {
			isa = PBXGroup;
			children = (
				82AA6A731A84DA51000D70CD /* BCOIndex.h */,
				82AA6A741A84DA51000D70CD /* BCOIndex.m */,
				82AA6A751A84DA51000D70CD /* BCOIndexDescription.h */,
				82AA6A761A84DA51000D70CD /* BCOIndexDescription.m */,
				82AA6A771A84DA51000D70CD /* BCOIndexEntry.h */,
				82AA6A781A84DA51000D70CD /* BCOIndexEntry.m */,
				82AA6A791A84DA51000D70CD /* BCOIndexValue.h */,
				82AA6A7A1A84DA51000D70CD /* BCOObjectStorageContainer.h */,
				8200C7C91A9217080018DAFC /* BCOObjectStorageContainer+Protected.h */,
				82AA6A7B1A84DA51000D70CD /* BCOObjectStorageContainer.m */,
				8200C7CD1A9218750018DAFC /* BCOObjectStorageEnumeratorProtocol.h */,
				8200C7CA1A9217ED0018DAFC /* BCOObjectStorageEnumerator.h */,
				8200C7CB1A9217ED0018DAFC /* BCOObjectStorageEnumerator.m */,
				8200C7C61A92167F0018DAFC /* BCOObjectStorageContainerBuilder.h */,
				8200C7C71A92167F0018DAFC /* BCOObjectStorageContainerBuilder.m */,
				82AA6A7C1A84DA51000D70CD /* BCOObjectStore.h */,
				82AA6A7D1A84DA51000D70CD /* BCOObjectStore.m */,
				82AA6A7E1A84DA51000D70CD /* BCOObjectStore+Protected.h */,
				82AA6A7F1A84DA51000D70CD /* BCOObjectStoreConfiguration.h */,
				82AA6A801A84DA51000D70CD /* BCOObjectStoreConfiguration.m */,
				82AA6A811A84DA51000D70CD /* BCOObjectStoreSnapshot.h */,
				82AA6A821A84DA51000D70CD /* BCOObjectStoreSnapshot.m */,
				82AA6A831A84DA51000D70CD /* BCOObjectStoreSnapshotChangeMonitor.h */,
				82AA6A841A84DA51000D70CD /* BCOObjectStoreSnapshotChangeMonitor.m */,
				82AA6A851A84DA51000D70CD /* BCOObjectStoreSnapshotProtocol.h */,
				82AA6A861A84DA51000D70CD /* BCOQuery.h */,
				82AA6A871A84DA51000D70CD /* BCOQuery.m */,
				82AA6A881A84DA51000D70CD /* BCOQueryCatalog.h */,
				82AA6A891A84DA51000D70CD /* BCOQueryCatalog.m */,
				82AA6A8A1A84DA51000D70CD /* BCOQueryCatalogEntry.h */,
				82AA6A8B1A84DA51000D70CD /* BCOQueryCatalogEntry.m */,
				82AA6A8C1A84DA51000D70CD /* BCOQueryResultGroup.h */,
				82AA6A8D1A84DA51000D70CD /* BCOQueryResultGroup.m */,
				82AA6A8E1A84DA51000D70CD /* BCOQueryResultGroupProtocol.h */,
				82AA6A8F1A84DA51000D70CD /* BCOSelectFunction.h */,
				82AA6A901A84DA51000D70CD /* BCOSelectFunction.m */,
				82AA6A911A84DA51000D70CD /* BCOObjectReference.h */,
				82AA6A921A84DA51000D70CD /* BCOObjectReference.m */,
				82AA6A931A84DA51000D70CD /* BCOObjectReferencesToQueryCatalogEntriesLookUpTable.h */,
				82AA6A941A84DA51000D70CD /* BCOObjectReferencesToQueryCatalogEntriesLookUpTable.m */,
			);
			path = BCOObjectStore;
			sourceTree = "<group>";
		};
		82AF59871A6D70370056EDB2 /* Demo App */ = {
			isa = PBXGroup;
			children = (
				82AF59881A6D70370056EDB2 /* LUMLine.h */,
				82AF59891A6D70370056EDB2 /* LUMLine.m */,
				82AF598A1A6D70370056EDB2 /* LUMStation.h */,
				82AF598B1A6D70370056EDB2 /* LUMStation.m */,
				82AF598C1A6D70370056EDB2 /* main.m */,
			);
			path = "Demo App";
			sourceTree = "<group>";
		};
/* End PBXGroup section */

/* Begin PBXHeadersBuildPhase section */
		8200C7D41A921B820018DAFC /* Headers */ = {
			isa = PBXHeadersBuildPhase;
			buildActionMask = 2147483647;
			files = (
				8200C7D91A921B830018DAFC /* BCOObjectStoreLib.h in Headers */,
			);
			runOnlyForDeploymentPostprocessing = 0;
		};
/* End PBXHeadersBuildPhase section */

/* Begin PBXNativeTarget section */
		8200C7D51A921B820018DAFC /* BCOObjectStoreLib */ = {
			isa = PBXNativeTarget;
			buildConfigurationList = 8200C7E71A921B830018DAFC /* Build configuration list for PBXNativeTarget "BCOObjectStoreLib" */;
			buildPhases = (
				8200C7D21A921B820018DAFC /* Sources */,
				8200C7D31A921B820018DAFC /* Frameworks */,
				8200C7D41A921B820018DAFC /* Headers */,
			);
			buildRules = (
			);
			dependencies = (
			);
			name = BCOObjectStoreLib;
			productName = BCOObjectStoreLib;
			productReference = 8200C7D61A921B820018DAFC /* libBCOObjectStoreLib.a */;
			productType = "com.apple.product-type.library.static";
		};
		822B9EFE19E92B76009A4030 /* BCOObjectStore */ = {
			isa = PBXNativeTarget;
			buildConfigurationList = 822B9F0619E92B76009A4030 /* Build configuration list for PBXNativeTarget "BCOObjectStore" */;
			buildPhases = (
				822B9EFB19E92B76009A4030 /* Sources */,
				822B9EFC19E92B76009A4030 /* Frameworks */,
				822B9EFD19E92B76009A4030 /* CopyFiles */,
			);
			buildRules = (
			);
			dependencies = (
			);
			name = BCOObjectStore;
			productName = GraphStore;
			productReference = 822B9EFF19E92B76009A4030 /* BCOObjectStore */;
			productType = "com.apple.product-type.tool";
		};
		82AA6AA71A84DC81000D70CD /* BCOObjectStoreTests */ = {
			isa = PBXNativeTarget;
			buildConfigurationList = 82AA6AAE1A84DC81000D70CD /* Build configuration list for PBXNativeTarget "BCOObjectStoreTests" */;
			buildPhases = (
				82AA6AA41A84DC81000D70CD /* Sources */,
				82AA6AA51A84DC81000D70CD /* Frameworks */,
				82AA6AA61A84DC81000D70CD /* Resources */,
			);
			buildRules = (
			);
			dependencies = (
			);
			name = BCOObjectStoreTests;
			productName = BCOObjectStoreTests;
			productReference = 82AA6AA81A84DC81000D70CD /* BCOObjectStoreTests.xctest */;
			productType = "com.apple.product-type.bundle.unit-test";
		};
/* End PBXNativeTarget section */

/* Begin PBXProject section */
		822B9EF719E92B76009A4030 /* Project object */ = {
			isa = PBXProject;
			attributes = {
				LastUpgradeCheck = 0600;
				ORGANIZATIONNAME = "Benedict Cohen";
				TargetAttributes = {
					8200C7D51A921B820018DAFC = {
						CreatedOnToolsVersion = 6.1.1;
					};
					822B9EFE19E92B76009A4030 = {
						CreatedOnToolsVersion = 6.0.1;
					};
					82AA6AA71A84DC81000D70CD = {
						CreatedOnToolsVersion = 6.1.1;
					};
				};
			};
			buildConfigurationList = 822B9EFA19E92B76009A4030 /* Build configuration list for PBXProject "BCOObjectStore" */;
			compatibilityVersion = "Xcode 3.2";
			developmentRegion = English;
			hasScannedForEncodings = 0;
			knownRegions = (
				en,
			);
			mainGroup = 822B9EF619E92B76009A4030;
			productRefGroup = 822B9F0019E92B76009A4030 /* Products */;
			projectDirPath = "";
			projectRoot = "";
			targets = (
				822B9EFE19E92B76009A4030 /* BCOObjectStore */,
				82AA6AA71A84DC81000D70CD /* BCOObjectStoreTests */,
				8200C7D51A921B820018DAFC /* BCOObjectStoreLib */,
			);
		};
/* End PBXProject section */

/* Begin PBXResourcesBuildPhase section */
		82AA6AA61A84DC81000D70CD /* Resources */ = {
			isa = PBXResourcesBuildPhase;
			buildActionMask = 2147483647;
			files = (
			);
			runOnlyForDeploymentPostprocessing = 0;
		};
/* End PBXResourcesBuildPhase section */

/* Begin PBXSourcesBuildPhase section */
		8200C7D21A921B820018DAFC /* Sources */ = {
			isa = PBXSourcesBuildPhase;
			buildActionMask = 2147483647;
			files = (
				8200C7F91A921B900018DAFC /* BCOQueryCatalogEntry.m in Sources */,
				8200C7EF1A921B900018DAFC /* BCOIndexEntry.m in Sources */,
				8200C7F11A921B900018DAFC /* BCOObjectStorageEnumerator.m in Sources */,
				8200C7FC1A921B900018DAFC /* BCOObjectReference.m in Sources */,
				8200C7F21A921B900018DAFC /* BCOObjectStorageContainerBuilder.m in Sources */,
				8200C7F61A921B900018DAFC /* BCOObjectStoreSnapshotChangeMonitor.m in Sources */,
				8200C7F31A921B900018DAFC /* BCOObjectStore.m in Sources */,
				8200C7F81A921B900018DAFC /* BCOQueryCatalog.m in Sources */,
				8200C7DB1A921B830018DAFC /* BCOObjectStoreLib.m in Sources */,
				8200C7FB1A921B900018DAFC /* BCOSelectFunction.m in Sources */,
				8200C7EE1A921B900018DAFC /* BCOIndexDescription.m in Sources */,
				8200C7F71A921B900018DAFC /* BCOQuery.m in Sources */,
				8200C7F41A921B900018DAFC /* BCOObjectStoreConfiguration.m in Sources */,
				8200C7FD1A921B900018DAFC /* BCOObjectReferencesToQueryCatalogEntriesLookUpTable.m in Sources */,
				8200C7ED1A921B900018DAFC /* BCOIndex.m in Sources */,
				8200C7F01A921B900018DAFC /* BCOObjectStorageContainer.m in Sources */,
				8200C7F51A921B900018DAFC /* BCOObjectStoreSnapshot.m in Sources */,
				8200C7FA1A921B900018DAFC /* BCOQueryResultGroup.m in Sources */,
			);
			runOnlyForDeploymentPostprocessing = 0;
		};
		822B9EFB19E92B76009A4030 /* Sources */ = {
			isa = PBXSourcesBuildPhase;
			buildActionMask = 2147483647;
			files = (
				82AF59921A6D70370056EDB2 /* LUMLine.m in Sources */,
				82AF59941A6D70370056EDB2 /* main.m in Sources */,
				82AF59931A6D70370056EDB2 /* LUMStation.m in Sources */,
			);
			runOnlyForDeploymentPostprocessing = 0;
		};
		82AA6AA41A84DC81000D70CD /* Sources */ = {
			isa = PBXSourcesBuildPhase;
			buildActionMask = 2147483647;
			files = (
				8200C7CF1A921B2A0018DAFC /* BCOThrowsChecking.m in Sources */,
				82AA6AC41A84E31B000D70CD /* BCOObjectStoreConfigurationTests.swift in Sources */,
				82AA6AC61A84E5EA000D70CD /* BCOStorageRecordsToQueryCatalogEntriesLookUpTableTests.swift in Sources */,
				82AA6AB21A84DCA5000D70CD /* BCOIndexEntryTests.swift in Sources */,
				82AA6AD01A850772000D70CD /* BCOIndexTests.swift in Sources */,
				82AA6AAD1A84DC81000D70CD /* BCOObjectStoreTests.swift in Sources */,
				82AA6ACD1A84F2CF000D70CD /* BCOThrowsChecking.swift in Sources */,
			);
			runOnlyForDeploymentPostprocessing = 0;
		};
/* End PBXSourcesBuildPhase section */

/* Begin XCBuildConfiguration section */
		8200C7E81A921B830018DAFC /* Debug */ = {
			isa = XCBuildConfiguration;
			buildSettings = {
				EXECUTABLE_PREFIX = lib;
				GCC_PREPROCESSOR_DEFINITIONS = (
					"DEBUG=1",
					"$(inherited)",
				);
				MACOSX_DEPLOYMENT_TARGET = 10.10;
				PRODUCT_NAME = "$(TARGET_NAME)";
			};
			name = Debug;
		};
		8200C7E91A921B830018DAFC /* Release */ = {
			isa = XCBuildConfiguration;
			buildSettings = {
				EXECUTABLE_PREFIX = lib;
				MACOSX_DEPLOYMENT_TARGET = 10.10;
				PRODUCT_NAME = "$(TARGET_NAME)";
			};
			name = Release;
		};
		822B9F0419E92B76009A4030 /* Debug */ = {
			isa = XCBuildConfiguration;
			buildSettings = {
				ALWAYS_SEARCH_USER_PATHS = NO;
				CLANG_CXX_LANGUAGE_STANDARD = "gnu++0x";
				CLANG_CXX_LIBRARY = "libc++";
				CLANG_ENABLE_MODULES = YES;
				CLANG_ENABLE_OBJC_ARC = YES;
				CLANG_WARN_BOOL_CONVERSION = YES;
				CLANG_WARN_CONSTANT_CONVERSION = YES;
				CLANG_WARN_DIRECT_OBJC_ISA_USAGE = YES_ERROR;
				CLANG_WARN_EMPTY_BODY = YES;
				CLANG_WARN_ENUM_CONVERSION = YES;
				CLANG_WARN_INT_CONVERSION = YES;
				CLANG_WARN_OBJC_ROOT_CLASS = YES_ERROR;
				CLANG_WARN_UNREACHABLE_CODE = YES;
				CLANG_WARN__DUPLICATE_METHOD_MATCH = YES;
				COPY_PHASE_STRIP = NO;
				ENABLE_STRICT_OBJC_MSGSEND = YES;
				GCC_C_LANGUAGE_STANDARD = gnu99;
				GCC_DYNAMIC_NO_PIC = NO;
				GCC_OPTIMIZATION_LEVEL = 0;
				GCC_PREPROCESSOR_DEFINITIONS = (
					"DEBUG=1",
					"$(inherited)",
				);
				GCC_SYMBOLS_PRIVATE_EXTERN = NO;
				GCC_WARN_64_TO_32_BIT_CONVERSION = YES;
				GCC_WARN_ABOUT_RETURN_TYPE = YES_ERROR;
				GCC_WARN_UNDECLARED_SELECTOR = YES;
				GCC_WARN_UNINITIALIZED_AUTOS = YES_AGGRESSIVE;
				GCC_WARN_UNUSED_FUNCTION = YES;
				GCC_WARN_UNUSED_VARIABLE = YES;
				MACOSX_DEPLOYMENT_TARGET = 10.9;
				MTL_ENABLE_DEBUG_INFO = YES;
				ONLY_ACTIVE_ARCH = YES;
				SDKROOT = macosx;
			};
			name = Debug;
		};
		822B9F0519E92B76009A4030 /* Release */ = {
			isa = XCBuildConfiguration;
			buildSettings = {
				ALWAYS_SEARCH_USER_PATHS = NO;
				CLANG_CXX_LANGUAGE_STANDARD = "gnu++0x";
				CLANG_CXX_LIBRARY = "libc++";
				CLANG_ENABLE_MODULES = YES;
				CLANG_ENABLE_OBJC_ARC = YES;
				CLANG_WARN_BOOL_CONVERSION = YES;
				CLANG_WARN_CONSTANT_CONVERSION = YES;
				CLANG_WARN_DIRECT_OBJC_ISA_USAGE = YES_ERROR;
				CLANG_WARN_EMPTY_BODY = YES;
				CLANG_WARN_ENUM_CONVERSION = YES;
				CLANG_WARN_INT_CONVERSION = YES;
				CLANG_WARN_OBJC_ROOT_CLASS = YES_ERROR;
				CLANG_WARN_UNREACHABLE_CODE = YES;
				CLANG_WARN__DUPLICATE_METHOD_MATCH = YES;
				COPY_PHASE_STRIP = YES;
				DEBUG_INFORMATION_FORMAT = "dwarf-with-dsym";
				ENABLE_NS_ASSERTIONS = NO;
				ENABLE_STRICT_OBJC_MSGSEND = YES;
				GCC_C_LANGUAGE_STANDARD = gnu99;
				GCC_WARN_64_TO_32_BIT_CONVERSION = YES;
				GCC_WARN_ABOUT_RETURN_TYPE = YES_ERROR;
				GCC_WARN_UNDECLARED_SELECTOR = YES;
				GCC_WARN_UNINITIALIZED_AUTOS = YES_AGGRESSIVE;
				GCC_WARN_UNUSED_FUNCTION = YES;
				GCC_WARN_UNUSED_VARIABLE = YES;
				MACOSX_DEPLOYMENT_TARGET = 10.9;
				MTL_ENABLE_DEBUG_INFO = NO;
				SDKROOT = macosx;
			};
			name = Release;
		};
		822B9F0719E92B76009A4030 /* Debug */ = {
			isa = XCBuildConfiguration;
			buildSettings = {
				PRODUCT_NAME = BCOObjectStore;
			};
			name = Debug;
		};
		822B9F0819E92B76009A4030 /* Release */ = {
			isa = XCBuildConfiguration;
			buildSettings = {
				PRODUCT_NAME = BCOObjectStore;
			};
			name = Release;
		};
		82AA6AAF1A84DC81000D70CD /* Debug */ = {
			isa = XCBuildConfiguration;
			buildSettings = {
				COMBINE_HIDPI_IMAGES = YES;
				FRAMEWORK_SEARCH_PATHS = (
					"$(DEVELOPER_FRAMEWORKS_DIR)",
					"$(inherited)",
				);
				GCC_PREPROCESSOR_DEFINITIONS = (
					"DEBUG=1",
					"$(inherited)",
				);
				INFOPLIST_FILE = BCOObjectStoreTests/Info.plist;
				LD_RUNPATH_SEARCH_PATHS = "$(inherited) @executable_path/../Frameworks @loader_path/../Frameworks";
				MACOSX_DEPLOYMENT_TARGET = 10.10;
				PRODUCT_NAME = "$(TARGET_NAME)";
				SWIFT_OBJC_BRIDGING_HEADER = "BCOObjectStoreTests/BCOObjectStoreTests-Bridging-Header.h";
				SWIFT_OPTIMIZATION_LEVEL = "-Onone";
			};
			name = Debug;
		};
		82AA6AB01A84DC81000D70CD /* Release */ = {
			isa = XCBuildConfiguration;
			buildSettings = {
				COMBINE_HIDPI_IMAGES = YES;
				FRAMEWORK_SEARCH_PATHS = (
					"$(DEVELOPER_FRAMEWORKS_DIR)",
					"$(inherited)",
				);
				INFOPLIST_FILE = BCOObjectStoreTests/Info.plist;
				LD_RUNPATH_SEARCH_PATHS = "$(inherited) @executable_path/../Frameworks @loader_path/../Frameworks";
				MACOSX_DEPLOYMENT_TARGET = 10.10;
				PRODUCT_NAME = "$(TARGET_NAME)";
				SWIFT_OBJC_BRIDGING_HEADER = "BCOObjectStoreTests/BCOObjectStoreTests-Bridging-Header.h";
			};
			name = Release;
		};
/* End XCBuildConfiguration section */

/* Begin XCConfigurationList section */
		8200C7E71A921B830018DAFC /* Build configuration list for PBXNativeTarget "BCOObjectStoreLib" */ = {
			isa = XCConfigurationList;
			buildConfigurations = (
				8200C7E81A921B830018DAFC /* Debug */,
				8200C7E91A921B830018DAFC /* Release */,
			);
			defaultConfigurationIsVisible = 0;
			defaultConfigurationName = Release;
		};
		822B9EFA19E92B76009A4030 /* Build configuration list for PBXProject "BCOObjectStore" */ = {
			isa = XCConfigurationList;
			buildConfigurations = (
				822B9F0419E92B76009A4030 /* Debug */,
				822B9F0519E92B76009A4030 /* Release */,
			);
			defaultConfigurationIsVisible = 0;
			defaultConfigurationName = Release;
		};
		822B9F0619E92B76009A4030 /* Build configuration list for PBXNativeTarget "BCOObjectStore" */ = {
			isa = XCConfigurationList;
			buildConfigurations = (
				822B9F0719E92B76009A4030 /* Debug */,
				822B9F0819E92B76009A4030 /* Release */,
			);
			defaultConfigurationIsVisible = 0;
			defaultConfigurationName = Release;
		};
		82AA6AAE1A84DC81000D70CD /* Build configuration list for PBXNativeTarget "BCOObjectStoreTests" */ = {
			isa = XCConfigurationList;
			buildConfigurations = (
				82AA6AAF1A84DC81000D70CD /* Debug */,
				82AA6AB01A84DC81000D70CD /* Release */,
			);
			defaultConfigurationIsVisible = 0;
			defaultConfigurationName = Release;
		};
/* End XCConfigurationList section */
	};
	rootObject = 822B9EF719E92B76009A4030 /* Project object */;
}
